
Microsoft Visual Studio Solution File, Format Version 12.00
# Visual Studio Version 17
VisualStudioVersion = 17.14.36811.4 d17.14
MinimumVisualStudioVersion = 10.0.40219.1
Project("{FAE04EC0-301F-11D3-BF4B-00C04F79EFBC}") = "EmployeeManagement.APIs", "EmployeeManagementApp\EmployeeManagement.APIs.csproj", "{2EF70C45-8AA1-4883-9519-18CAC7D9DE95}"
EndProject
Project("{FAE04EC0-301F-11D3-BF4B-00C04F79EFBC}") = "EmployeeMangement.Repos", "EmployeeMangement.Repos\EmployeeMangement.Repos.csproj", "{D9793C57-3794-43EB-BDF4-C49A497BEF3A}"
EndProject
Project("{FAE04EC0-301F-11D3-BF4B-00C04F79EFBC}") = "EmployeeManagement.Services", "EmployeeManagement.Services\EmployeeManagement.Services.csproj", "{41A71608-B1D2-4E74-A852-3B347B5DBD60}"
EndProject
Project("{FAE04EC0-301F-11D3-BF4B-00C04F79EFBC}") = "EmpolyeeManagement.Entities", "EmpolyeeManagement.Entities\EmpolyeeManagement.Entities.csproj", "{E76C290E-2E0D-4595-A344-5D2A2A04B0DA}"
EndProject
Global
	GlobalSection(SolutionConfigurationPlatforms) = preSolution
		Debug|Any CPU = Debug|Any CPU
		Release|Any CPU = Release|Any CPU
	EndGlobalSection
	GlobalSection(ProjectConfigurationPlatforms) = postSolution
		{2EF70C45-8AA1-4883-9519-18CAC7D9DE95}.Debug|Any CPU.ActiveCfg = Debug|Any CPU
		{2EF70C45-8AA1-4883-9519-18CAC7D9DE95}.Debug|Any CPU.Build.0 = Debug|Any CPU
		{2EF70C45-8AA1-4883-9519-18CAC7D9DE95}.Release|Any CPU.ActiveCfg = Release|Any CPU
		{2EF70C45-8AA1-4883-9519-18CAC7D9DE95}.Release|Any CPU.Build.0 = Release|Any CPU
		{D9793C57-3794-43EB-BDF4-C49A497BEF3A}.Debug|Any CPU.ActiveCfg = Debug|Any CPU
		{D9793C57-3794-43EB-BDF4-C49A497BEF3A}.Debug|Any CPU.Build.0 = Debug|Any CPU
		{D9793C57-3794-43EB-BDF4-C49A497BEF3A}.Release|Any CPU.ActiveCfg = Release|Any CPU
		{D9793C57-3794-43EB-BDF4-C49A497BEF3A}.Release|Any CPU.Build.0 = Release|Any CPU
		{41A71608-B1D2-4E74-A852-3B347B5DBD60}.Debug|Any CPU.ActiveCfg = Debug|Any CPU
		{41A71608-B1D2-4E74-A852-3B347B5DBD60}.Debug|Any CPU.Build.0 = Debug|Any CPU
		{41A71608-B1D2-4E74-A852-3B347B5DBD60}.Release|Any CPU.ActiveCfg = Release|Any CPU
		{41A71608-B1D2-4E74-A852-3B347B5DBD60}.Release|Any CPU.Build.0 = Release|Any CPU
		{E76C290E-2E0D-4595-A344-5D2A2A04B0DA}.Debug|Any CPU.ActiveCfg = Debug|Any CPU
		{E76C290E-2E0D-4595-A344-5D2A2A04B0DA}.Debug|Any CPU.Build.0 = Debug|Any CPU
		{E76C290E-2E0D-4595-A344-5D2A2A04B0DA}.Release|Any CPU.ActiveCfg = Release|Any CPU
		{E76C290E-2E0D-4595-A344-5D2A2A04B0DA}.Release|Any CPU.Build.0 = Release|Any CPU
	EndGlobalSection
	GlobalSection(SolutionProperties) = preSolution
		HideSolutionNode = FALSE
	EndGlobalSection
	GlobalSection(ExtensibilityGlobals) = postSolution
		SolutionGuid = {A8594FC2-59AC-44C7-9D8B-3742B580EC7D}
	EndGlobalSection
EndGlobal
